
Microsoft Visual Studio Solution File, Format Version 12.00
# Visual Studio Version 17
VisualStudioVersion = 17.0.32112.339
MinimumVisualStudioVersion = 10.0.40219.1
Project("{9A19103F-16F7-4668-BE54-9A1E7A4F7556}") = "WebApiTemplate", "WebApiTemplate\WebApiTemplate.csproj", "{7E099817-F46F-49B2-B9D7-5F217680F7B2}"
EndProject
Project("{2150E333-8FDC-42A3-9474-1A3956D46DE8}") = "docs", "docs", "{7B94B208-BF7C-4168-8234-1DE39BA1E695}"
	ProjectSection(SolutionItems) = preProject
		.dockerignore = .dockerignore
		..\.gitignore = ..\.gitignore
		docker-compose.yml = docker-compose.yml
		Dockerfile = Dockerfile
		..\README.md = ..\README.md
	EndProjectSection
EndProject
Project("{FAE04EC0-301F-11D3-BF4B-00C04F79EFBC}") = "WebApiTemplate.Core", "WebApiTemplate.Core\WebApiTemplate.Core.csproj", "{EE31B1E4-64F6-4914-BCED-F8A721EFC70F}"
EndProject
Global
	GlobalSection(SolutionConfigurationPlatforms) = preSolution
		Debug|Any CPU = Debug|Any CPU
		Release|Any CPU = Release|Any CPU
	EndGlobalSection
	GlobalSection(ProjectConfigurationPlatforms) = postSolution
		{7E099817-F46F-49B2-B9D7-5F217680F7B2}.Debug|Any CPU.ActiveCfg = Debug|Any CPU
		{7E099817-F46F-49B2-B9D7-5F217680F7B2}.Debug|Any CPU.Build.0 = Debug|Any CPU
		{7E099817-F46F-49B2-B9D7-5F217680F7B2}.Release|Any CPU.ActiveCfg = Release|Any CPU
		{7E099817-F46F-49B2-B9D7-5F217680F7B2}.Release|Any CPU.Build.0 = Release|Any CPU
		{EE31B1E4-64F6-4914-BCED-F8A721EFC70F}.Debug|Any CPU.ActiveCfg = Debug|Any CPU
		{EE31B1E4-64F6-4914-BCED-F8A721EFC70F}.Debug|Any CPU.Build.0 = Debug|Any CPU
		{EE31B1E4-64F6-4914-BCED-F8A721EFC70F}.Release|Any CPU.ActiveCfg = Release|Any CPU
		{EE31B1E4-64F6-4914-BCED-F8A721EFC70F}.Release|Any CPU.Build.0 = Release|Any CPU
	EndGlobalSection
	GlobalSection(SolutionProperties) = preSolution
		HideSolutionNode = FALSE
	EndGlobalSection
	GlobalSection(ExtensibilityGlobals) = postSolution
		SolutionGuid = {788B3834-0DF6-4C43-87FE-B027544367B0}
	EndGlobalSection
EndGlobal
